
Microsoft Visual Studio Solution File, Format Version 12.00
# Visual Studio Version 17
VisualStudioVersion = 17.7.34031.279
MinimumVisualStudioVersion = 10.0.40219.1
Project("{FAE04EC0-301F-11D3-BF4B-00C04F79EFBC}") = "WindowsFormsApp3", "WindowsFormsApp3.csproj", "{50093421-AA0F-4F01-8448-260F45FC24DD}"
EndProject
Global
	GlobalSection(SolutionConfigurationPlatforms) = preSolution
		Debug|Any CPU = Debug|Any CPU
		Release|Any CPU = Release|Any CPU
	EndGlobalSection
	GlobalSection(ProjectConfigurationPlatforms) = postSolution
		{50093421-AA0F-4F01-8448-260F45FC24DD}.Debug|Any CPU.ActiveCfg = Debug|Any CPU
		{50093421-AA0F-4F01-8448-260F45FC24DD}.Debug|Any CPU.Build.0 = Debug|Any CPU
		{50093421-AA0F-4F01-8448-260F45FC24DD}.Release|Any CPU.ActiveCfg = Release|Any CPU
		{50093421-AA0F-4F01-8448-260F45FC24DD}.Release|Any CPU.Build.0 = Release|Any CPU
	EndGlobalSection
	GlobalSection(SolutionProperties) = preSolution
		HideSolutionNode = FALSE
	EndGlobalSection
	GlobalSection(ExtensibilityGlobals) = postSolution
		SolutionGuid = {2035DB7E-D6B8-4813-A656-432B8159339A}
	EndGlobalSection
EndGlobal
